// !$*UTF8*$!
{
	archiveVersion = 1;
	classes = {
	};
	objectVersion = 46;
	objects = {

/* Begin PBXBuildFile section */
		3619DE841D75A4C30088D3FC /* SwiftFactory.framework in Frameworks */ = {isa = PBXBuildFile; fileRef = 3619DE7A1D75A4C30088D3FC /* SwiftFactory.framework */; };
		3619DE8B1D75A4C30088D3FC /* SwiftFactory.h in Headers */ = {isa = PBXBuildFile; fileRef = 3619DE7D1D75A4C30088D3FC /* SwiftFactory.h */; settings = {ATTRIBUTES = (Public, ); }; };
		3619DE971D75A5360088D3FC /* Factory.swift in Sources */ = {isa = PBXBuildFile; fileRef = 3619DE941D75A5360088D3FC /* Factory.swift */; };
		3619DE981D75A5360088D3FC /* DependencyResolver.swift in Sources */ = {isa = PBXBuildFile; fileRef = 3619DE951D75A5360088D3FC /* DependencyResolver.swift */; };
		3619DE991D75A5360088D3FC /* Container.swift in Sources */ = {isa = PBXBuildFile; fileRef = 3619DE961D75A5360088D3FC /* Container.swift */; };
		3619DE9D1D75A5770088D3FC /* TestContainer.swift in Sources */ = {isa = PBXBuildFile; fileRef = 3619DE9A1D75A5770088D3FC /* TestContainer.swift */; };
		3619DE9E1D75A5770088D3FC /* TestDependencyResolver.swift in Sources */ = {isa = PBXBuildFile; fileRef = 3619DE9B1D75A5770088D3FC /* TestDependencyResolver.swift */; };
		3619DE9F1D75A5770088D3FC /* TestFactory.swift in Sources */ = {isa = PBXBuildFile; fileRef = 3619DE9C1D75A5770088D3FC /* TestFactory.swift */; };
/* End PBXBuildFile section */

/* Begin PBXContainerItemProxy section */
		3619DE851D75A4C30088D3FC /* PBXContainerItemProxy */ = {
			isa = PBXContainerItemProxy;
			containerPortal = 3619DE711D75A4C30088D3FC /* Project object */;
			proxyType = 1;
			remoteGlobalIDString = 3619DE791D75A4C30088D3FC;
			remoteInfo = SwiftFactory;
		};
/* End PBXContainerItemProxy section */

/* Begin PBXFileReference section */
		3619DE7A1D75A4C30088D3FC /* SwiftFactory.framework */ = {isa = PBXFileReference; explicitFileType = wrapper.framework; includeInIndex = 0; path = SwiftFactory.framework; sourceTree = BUILT_PRODUCTS_DIR; };
		3619DE7D1D75A4C30088D3FC /* SwiftFactory.h */ = {isa = PBXFileReference; lastKnownFileType = sourcecode.c.h; path = SwiftFactory.h; sourceTree = "<group>"; };
		3619DE7E1D75A4C30088D3FC /* Info.plist */ = {isa = PBXFileReference; lastKnownFileType = text.plist.xml; path = Info.plist; sourceTree = "<group>"; };
		3619DE831D75A4C30088D3FC /* SwiftFactoryTests.xctest */ = {isa = PBXFileReference; explicitFileType = wrapper.cfbundle; includeInIndex = 0; path = SwiftFactoryTests.xctest; sourceTree = BUILT_PRODUCTS_DIR; };
		3619DE8A1D75A4C30088D3FC /* Info.plist */ = {isa = PBXFileReference; lastKnownFileType = text.plist.xml; path = Info.plist; sourceTree = "<group>"; };
		3619DE941D75A5360088D3FC /* Factory.swift */ = {isa = PBXFileReference; fileEncoding = 4; lastKnownFileType = sourcecode.swift; path = Factory.swift; sourceTree = "<group>"; };
		3619DE951D75A5360088D3FC /* DependencyResolver.swift */ = {isa = PBXFileReference; fileEncoding = 4; lastKnownFileType = sourcecode.swift; path = DependencyResolver.swift; sourceTree = "<group>"; };
		3619DE961D75A5360088D3FC /* Container.swift */ = {isa = PBXFileReference; fileEncoding = 4; lastKnownFileType = sourcecode.swift; path = Container.swift; sourceTree = "<group>"; };
		3619DE9A1D75A5770088D3FC /* TestContainer.swift */ = {isa = PBXFileReference; fileEncoding = 4; lastKnownFileType = sourcecode.swift; path = TestContainer.swift; sourceTree = "<group>"; };
		3619DE9B1D75A5770088D3FC /* TestDependencyResolver.swift */ = {isa = PBXFileReference; fileEncoding = 4; lastKnownFileType = sourcecode.swift; path = TestDependencyResolver.swift; sourceTree = "<group>"; };
		3619DE9C1D75A5770088D3FC /* TestFactory.swift */ = {isa = PBXFileReference; fileEncoding = 4; lastKnownFileType = sourcecode.swift; path = TestFactory.swift; sourceTree = "<group>"; };
/* End PBXFileReference section */

/* Begin PBXFrameworksBuildPhase section */
		3619DE761D75A4C30088D3FC /* Frameworks */ = {
			isa = PBXFrameworksBuildPhase;
			buildActionMask = 2147483647;
			files = (
			);
			runOnlyForDeploymentPostprocessing = 0;
		};
		3619DE801D75A4C30088D3FC /* Frameworks */ = {
			isa = PBXFrameworksBuildPhase;
			buildActionMask = 2147483647;
			files = (
				3619DE841D75A4C30088D3FC /* SwiftFactory.framework in Frameworks */,
			);
			runOnlyForDeploymentPostprocessing = 0;
		};
/* End PBXFrameworksBuildPhase section */

/* Begin PBXGroup section */
		3619DE701D75A4C30088D3FC = {
			isa = PBXGroup;
			children = (
				3619DE7C1D75A4C30088D3FC /* SwiftFactory */,
				3619DE871D75A4C30088D3FC /* SwiftFactoryTests */,
				3619DE7B1D75A4C30088D3FC /* Products */,
			);
			sourceTree = "<group>";
		};
		3619DE7B1D75A4C30088D3FC /* Products */ = {
			isa = PBXGroup;
			children = (
				3619DE7A1D75A4C30088D3FC /* SwiftFactory.framework */,
				3619DE831D75A4C30088D3FC /* SwiftFactoryTests.xctest */,
			);
			name = Products;
			sourceTree = "<group>";
		};
		3619DE7C1D75A4C30088D3FC /* SwiftFactory */ = {
			isa = PBXGroup;
			children = (
				3619DE941D75A5360088D3FC /* Factory.swift */,
				3619DE951D75A5360088D3FC /* DependencyResolver.swift */,
				3619DE961D75A5360088D3FC /* Container.swift */,
				3619DE7D1D75A4C30088D3FC /* SwiftFactory.h */,
				3619DE7E1D75A4C30088D3FC /* Info.plist */,
			);
			path = SwiftFactory;
			sourceTree = "<group>";
		};
		3619DE871D75A4C30088D3FC /* SwiftFactoryTests */ = {
			isa = PBXGroup;
			children = (
				3619DE9A1D75A5770088D3FC /* TestContainer.swift */,
				3619DE9B1D75A5770088D3FC /* TestDependencyResolver.swift */,
				3619DE9C1D75A5770088D3FC /* TestFactory.swift */,
				3619DE8A1D75A4C30088D3FC /* Info.plist */,
			);
			path = SwiftFactoryTests;
			sourceTree = "<group>";
		};
/* End PBXGroup section */

/* Begin PBXHeadersBuildPhase section */
		3619DE771D75A4C30088D3FC /* Headers */ = {
			isa = PBXHeadersBuildPhase;
			buildActionMask = 2147483647;
			files = (
				3619DE8B1D75A4C30088D3FC /* SwiftFactory.h in Headers */,
			);
			runOnlyForDeploymentPostprocessing = 0;
		};
/* End PBXHeadersBuildPhase section */

/* Begin PBXNativeTarget section */
		3619DE791D75A4C30088D3FC /* SwiftFactory */ = {
			isa = PBXNativeTarget;
			buildConfigurationList = 3619DE8E1D75A4C30088D3FC /* Build configuration list for PBXNativeTarget "SwiftFactory" */;
			buildPhases = (
				3619DE751D75A4C30088D3FC /* Sources */,
				3619DE761D75A4C30088D3FC /* Frameworks */,
				3619DE771D75A4C30088D3FC /* Headers */,
				3619DE781D75A4C30088D3FC /* Resources */,
			);
			buildRules = (
			);
			dependencies = (
			);
			name = SwiftFactory;
			productName = SwiftFactory;
			productReference = 3619DE7A1D75A4C30088D3FC /* SwiftFactory.framework */;
			productType = "com.apple.product-type.framework";
		};
		3619DE821D75A4C30088D3FC /* SwiftFactoryTests */ = {
			isa = PBXNativeTarget;
			buildConfigurationList = 3619DE911D75A4C30088D3FC /* Build configuration list for PBXNativeTarget "SwiftFactoryTests" */;
			buildPhases = (
				3619DE7F1D75A4C30088D3FC /* Sources */,
				3619DE801D75A4C30088D3FC /* Frameworks */,
				3619DE811D75A4C30088D3FC /* Resources */,
			);
			buildRules = (
			);
			dependencies = (
				3619DE861D75A4C30088D3FC /* PBXTargetDependency */,
			);
			name = SwiftFactoryTests;
			productName = SwiftFactoryTests;
			productReference = 3619DE831D75A4C30088D3FC /* SwiftFactoryTests.xctest */;
			productType = "com.apple.product-type.bundle.unit-test";
		};
/* End PBXNativeTarget section */

/* Begin PBXProject section */
		3619DE711D75A4C30088D3FC /* Project object */ = {
			isa = PBXProject;
			attributes = {
				LastSwiftUpdateCheck = 0800;
				LastUpgradeCheck = 0800;
				ORGANIZATIONNAME = "Tran Thien Khiem";
				TargetAttributes = {
					3619DE791D75A4C30088D3FC = {
						CreatedOnToolsVersion = 8.0;
						DevelopmentTeam = QL9Q47DN4Y;
						LastSwiftMigration = 0800;
						ProvisioningStyle = Automatic;
					};
					3619DE821D75A4C30088D3FC = {
						CreatedOnToolsVersion = 8.0;
						DevelopmentTeam = QL9Q47DN4Y;
						ProvisioningStyle = Automatic;
					};
				};
			};
			buildConfigurationList = 3619DE741D75A4C30088D3FC /* Build configuration list for PBXProject "SwiftFactory" */;
			compatibilityVersion = "Xcode 3.2";
			developmentRegion = English;
			hasScannedForEncodings = 0;
			knownRegions = (
				en,
			);
			mainGroup = 3619DE701D75A4C30088D3FC;
			productRefGroup = 3619DE7B1D75A4C30088D3FC /* Products */;
			projectDirPath = "";
			projectRoot = "";
			targets = (
				3619DE791D75A4C30088D3FC /* SwiftFactory */,
				3619DE821D75A4C30088D3FC /* SwiftFactoryTests */,
			);
		};
/* End PBXProject section */

/* Begin PBXResourcesBuildPhase section */
		3619DE781D75A4C30088D3FC /* Resources */ = {
			isa = PBXResourcesBuildPhase;
			buildActionMask = 2147483647;
			files = (
			);
			runOnlyForDeploymentPostprocessing = 0;
		};
		3619DE811D75A4C30088D3FC /* Resources */ = {
			isa = PBXResourcesBuildPhase;
			buildActionMask = 2147483647;
			files = (
			);
			runOnlyForDeploymentPostprocessing = 0;
		};
/* End PBXResourcesBuildPhase section */

/* Begin PBXSourcesBuildPhase section */
		3619DE751D75A4C30088D3FC /* Sources */ = {
			isa = PBXSourcesBuildPhase;
			buildActionMask = 2147483647;
			files = (
				3619DE981D75A5360088D3FC /* DependencyResolver.swift in Sources */,
				3619DE991D75A5360088D3FC /* Container.swift in Sources */,
				3619DE971D75A5360088D3FC /* Factory.swift in Sources */,
			);
			runOnlyForDeploymentPostprocessing = 0;
		};
		3619DE7F1D75A4C30088D3FC /* Sources */ = {
			isa = PBXSourcesBuildPhase;
			buildActionMask = 2147483647;
			files = (
				3619DE9F1D75A5770088D3FC /* TestFactory.swift in Sources */,
				3619DE9E1D75A5770088D3FC /* TestDependencyResolver.swift in Sources */,
				3619DE9D1D75A5770088D3FC /* TestContainer.swift in Sources */,
			);
			runOnlyForDeploymentPostprocessing = 0;
		};
/* End PBXSourcesBuildPhase section */

/* Begin PBXTargetDependency section */
		3619DE861D75A4C30088D3FC /* PBXTargetDependency */ = {
			isa = PBXTargetDependency;
			target = 3619DE791D75A4C30088D3FC /* SwiftFactory */;
			targetProxy = 3619DE851D75A4C30088D3FC /* PBXContainerItemProxy */;
		};
/* End PBXTargetDependency section */

/* Begin XCBuildConfiguration section */
		3619DE8C1D75A4C30088D3FC /* Debug */ = {
			isa = XCBuildConfiguration;
			buildSettings = {
				ALWAYS_SEARCH_USER_PATHS = NO;
				CLANG_ANALYZER_NONNULL = YES;
				CLANG_CXX_LANGUAGE_STANDARD = "gnu++0x";
				CLANG_CXX_LIBRARY = "libc++";
				CLANG_ENABLE_MODULES = YES;
				CLANG_ENABLE_OBJC_ARC = YES;
				CLANG_WARN_BOOL_CONVERSION = YES;
				CLANG_WARN_CONSTANT_CONVERSION = YES;
				CLANG_WARN_DIRECT_OBJC_ISA_USAGE = YES_ERROR;
				CLANG_WARN_DOCUMENTATION_COMMENTS = YES;
				CLANG_WARN_EMPTY_BODY = YES;
				CLANG_WARN_ENUM_CONVERSION = YES;
				CLANG_WARN_INFINITE_RECURSION = YES;
				CLANG_WARN_INT_CONVERSION = YES;
				CLANG_WARN_OBJC_ROOT_CLASS = YES_ERROR;
				CLANG_WARN_SUSPICIOUS_MOVES = YES;
				CLANG_WARN_UNREACHABLE_CODE = YES;
				CLANG_WARN__DUPLICATE_METHOD_MATCH = YES;
				"CODE_SIGN_IDENTITY[sdk=iphoneos*]" = "iPhone Developer";
				COPY_PHASE_STRIP = NO;
				CURRENT_PROJECT_VERSION = 1;
				DEBUG_INFORMATION_FORMAT = dwarf;
				ENABLE_STRICT_OBJC_MSGSEND = YES;
				ENABLE_TESTABILITY = YES;
				GCC_C_LANGUAGE_STANDARD = gnu99;
				GCC_DYNAMIC_NO_PIC = NO;
				GCC_NO_COMMON_BLOCKS = YES;
				GCC_OPTIMIZATION_LEVEL = 0;
				GCC_PREPROCESSOR_DEFINITIONS = (
					"DEBUG=1",
					"$(inherited)",
				);
				GCC_WARN_64_TO_32_BIT_CONVERSION = YES;
				GCC_WARN_ABOUT_RETURN_TYPE = YES_ERROR;
				GCC_WARN_UNDECLARED_SELECTOR = YES;
				GCC_WARN_UNINITIALIZED_AUTOS = YES_AGGRESSIVE;
				GCC_WARN_UNUSED_FUNCTION = YES;
				GCC_WARN_UNUSED_VARIABLE = YES;
				IPHONEOS_DEPLOYMENT_TARGET = 10.0;
				MTL_ENABLE_DEBUG_INFO = YES;
				ONLY_ACTIVE_ARCH = YES;
				SDKROOT = iphoneos;
				SWIFT_ACTIVE_COMPILATION_CONDITIONS = DEBUG;
				SWIFT_OPTIMIZATION_LEVEL = "-Onone";
				TARGETED_DEVICE_FAMILY = "1,2";
				VERSIONING_SYSTEM = "apple-generic";
				VERSION_INFO_PREFIX = "";
			};
			name = Debug;
		};
		3619DE8D1D75A4C30088D3FC /* Release */ = {
			isa = XCBuildConfiguration;
			buildSettings = {
				ALWAYS_SEARCH_USER_PATHS = NO;
				CLANG_ANALYZER_NONNULL = YES;
				CLANG_CXX_LANGUAGE_STANDARD = "gnu++0x";
				CLANG_CXX_LIBRARY = "libc++";
				CLANG_ENABLE_MODULES = YES;
				CLANG_ENABLE_OBJC_ARC = YES;
				CLANG_WARN_BOOL_CONVERSION = YES;
				CLANG_WARN_CONSTANT_CONVERSION = YES;
				CLANG_WARN_DIRECT_OBJC_ISA_USAGE = YES_ERROR;
				CLANG_WARN_DOCUMENTATION_COMMENTS = YES;
				CLANG_WARN_EMPTY_BODY = YES;
				CLANG_WARN_ENUM_CONVERSION = YES;
				CLANG_WARN_INFINITE_RECURSION = YES;
				CLANG_WARN_INT_CONVERSION = YES;
				CLANG_WARN_OBJC_ROOT_CLASS = YES_ERROR;
				CLANG_WARN_SUSPICIOUS_MOVES = YES;
				CLANG_WARN_UNREACHABLE_CODE = YES;
				CLANG_WARN__DUPLICATE_METHOD_MATCH = YES;
				"CODE_SIGN_IDENTITY[sdk=iphoneos*]" = "iPhone Developer";
				COPY_PHASE_STRIP = NO;
				CURRENT_PROJECT_VERSION = 1;
				DEBUG_INFORMATION_FORMAT = "dwarf-with-dsym";
				ENABLE_NS_ASSERTIONS = NO;
				ENABLE_STRICT_OBJC_MSGSEND = YES;
				GCC_C_LANGUAGE_STANDARD = gnu99;
				GCC_NO_COMMON_BLOCKS = YES;
				GCC_WARN_64_TO_32_BIT_CONVERSION = YES;
				GCC_WARN_ABOUT_RETURN_TYPE = YES_ERROR;
				GCC_WARN_UNDECLARED_SELECTOR = YES;
				GCC_WARN_UNINITIALIZED_AUTOS = YES_AGGRESSIVE;
				GCC_WARN_UNUSED_FUNCTION = YES;
				GCC_WARN_UNUSED_VARIABLE = YES;
				IPHONEOS_DEPLOYMENT_TARGET = 10.0;
				MTL_ENABLE_DEBUG_INFO = NO;
				SDKROOT = iphoneos;
				SWIFT_OPTIMIZATION_LEVEL = "-Owholemodule";
				TARGETED_DEVICE_FAMILY = "1,2";
				VALIDATE_PRODUCT = YES;
				VERSIONING_SYSTEM = "apple-generic";
				VERSION_INFO_PREFIX = "";
			};
			name = Release;
		};
		3619DE8F1D75A4C30088D3FC /* Debug */ = {
			isa = XCBuildConfiguration;
			buildSettings = {
				CLANG_ENABLE_MODULES = YES;
				CODE_SIGN_IDENTITY = "";
				DEFINES_MODULE = YES;
				DEVELOPMENT_TEAM = QL9Q47DN4Y;
				DYLIB_COMPATIBILITY_VERSION = 1;
				DYLIB_CURRENT_VERSION = 1;
				DYLIB_INSTALL_NAME_BASE = "@rpath";
				INFOPLIST_FILE = SwiftFactory/Info.plist;
				INSTALL_PATH = "$(LOCAL_LIBRARY_DIR)/Frameworks";
				LD_RUNPATH_SEARCH_PATHS = "$(inherited) @executable_path/Frameworks @loader_path/Frameworks";
				PRODUCT_BUNDLE_IDENTIFIER = com.banhtieu.SwiftFactory;
				PRODUCT_NAME = "$(TARGET_NAME)";
				SKIP_INSTALL = YES;
				SWIFT_OPTIMIZATION_LEVEL = "-Onone";
				SWIFT_VERSION = 3.0;
			};
			name = Debug;
		};
		3619DE901D75A4C30088D3FC /* Release */ = {
			isa = XCBuildConfiguration;
			buildSettings = {
				CLANG_ENABLE_MODULES = YES;
				CODE_SIGN_IDENTITY = "";
				DEFINES_MODULE = YES;
				DEVELOPMENT_TEAM = QL9Q47DN4Y;
				DYLIB_COMPATIBILITY_VERSION = 1;
				DYLIB_CURRENT_VERSION = 1;
				DYLIB_INSTALL_NAME_BASE = "@rpath";
				INFOPLIST_FILE = SwiftFactory/Info.plist;
				INSTALL_PATH = "$(LOCAL_LIBRARY_DIR)/Frameworks";
				LD_RUNPATH_SEARCH_PATHS = "$(inherited) @executable_path/Frameworks @loader_path/Frameworks";
				PRODUCT_BUNDLE_IDENTIFIER = com.banhtieu.SwiftFactory;
				PRODUCT_NAME = "$(TARGET_NAME)";
				SKIP_INSTALL = YES;
				SWIFT_VERSION = 3.0;
			};
			name = Release;
		};
		3619DE921D75A4C30088D3FC /* Debug */ = {
			isa = XCBuildConfiguration;
			buildSettings = {
				ALWAYS_EMBED_SWIFT_STANDARD_LIBRARIES = YES;
				DEVELOPMENT_TEAM = QL9Q47DN4Y;
				INFOPLIST_FILE = SwiftFactoryTests/Info.plist;
				LD_RUNPATH_SEARCH_PATHS = "$(inherited) @executable_path/Frameworks @loader_path/Frameworks";
				PRODUCT_BUNDLE_IDENTIFIER = com.banhtieu.SwiftFactoryTests;
				PRODUCT_NAME = "$(TARGET_NAME)";
				SWIFT_VERSION = 3.0;
			};
			name = Debug;
		};
		3619DE931D75A4C30088D3FC /* Release */ = {
			isa = XCBuildConfiguration;
			buildSettings = {
				ALWAYS_EMBED_SWIFT_STANDARD_LIBRARIES = YES;
				DEVELOPMENT_TEAM = QL9Q47DN4Y;
				INFOPLIST_FILE = SwiftFactoryTests/Info.plist;
				LD_RUNPATH_SEARCH_PATHS = "$(inherited) @executable_path/Frameworks @loader_path/Frameworks";
				PRODUCT_BUNDLE_IDENTIFIER = com.banhtieu.SwiftFactoryTests;
				PRODUCT_NAME = "$(TARGET_NAME)";
				SWIFT_VERSION = 3.0;
			};
			name = Release;
		};
/* End XCBuildConfiguration section */

/* Begin XCConfigurationList section */
		3619DE741D75A4C30088D3FC /* Build configuration list for PBXProject "SwiftFactory" */ = {
			isa = XCConfigurationList;
			buildConfigurations = (
				3619DE8C1D75A4C30088D3FC /* Debug */,
				3619DE8D1D75A4C30088D3FC /* Release */,
			);
			defaultConfigurationIsVisible = 0;
			defaultConfigurationName = Release;
		};
		3619DE8E1D75A4C30088D3FC /* Build configuration list for PBXNativeTarget "SwiftFactory" */ = {
			isa = XCConfigurationList;
			buildConfigurations = (
				3619DE8F1D75A4C30088D3FC /* Debug */,
				3619DE901D75A4C30088D3FC /* Release */,
			);
			defaultConfigurationIsVisible = 0;
		};
		3619DE911D75A4C30088D3FC /* Build configuration list for PBXNativeTarget "SwiftFactoryTests" */ = {
			isa = XCConfigurationList;
			buildConfigurations = (
				3619DE921D75A4C30088D3FC /* Debug */,
				3619DE931D75A4C30088D3FC /* Release */,
			);
			defaultConfigurationIsVisible = 0;
		};
/* End XCConfigurationList section */
	};
	rootObject = 3619DE711D75A4C30088D3FC /* Project object */;
}
